
Microsoft Visual Studio Solution File, Format Version 12.00
# Visual Studio Version 17
VisualStudioVersion = 17.5.33516.290
MinimumVisualStudioVersion = 10.0.40219.1
Project("{FAE04EC0-301F-11D3-BF4B-00C04F79EFBC}") = "DynamicEfCore", "DynamicEfCore.csproj", "{0A824C94-C635-4407-B1D1-1FE8370963D9}"
EndProject
Global
	GlobalSection(SolutionConfigurationPlatforms) = preSolution
		Debug|Any CPU = Debug|Any CPU
		Release|Any CPU = Release|Any CPU
	EndGlobalSection
	GlobalSection(ProjectConfigurationPlatforms) = postSolution
		{0A824C94-C635-4407-B1D1-1FE8370963D9}.Debug|Any CPU.ActiveCfg = Debug|Any CPU
		{0A824C94-C635-4407-B1D1-1FE8370963D9}.Debug|Any CPU.Build.0 = Debug|Any CPU
		{0A824C94-C635-4407-B1D1-1FE8370963D9}.Release|Any CPU.ActiveCfg = Release|Any CPU
		{0A824C94-C635-4407-B1D1-1FE8370963D9}.Release|Any CPU.Build.0 = Release|Any CPU
	EndGlobalSection
	GlobalSection(SolutionProperties) = preSolution
		HideSolutionNode = FALSE
	EndGlobalSection
	GlobalSection(ExtensibilityGlobals) = postSolution
		SolutionGuid = {58BAC4B8-B72A-4D3B-BF75-00929FE9DC28}
	EndGlobalSection
EndGlobal
